github.com/hujinrun-github/tool_functions/go v0.0.0-20240106113120-3e2da90adc7d h1:we+Wr97hfXb5Z/NcGcdf6LvGqf8FYlnsxkrh7W9iR0o=
github.com/hujinrun-github/tool_functions/go v0.0.0-20240106113120-3e2da90adc7d/go.mod h1:3YtfZaYIVhe/OkFikaw/a6n7vtmMKhyEJ+lCJ1TR7x4=
github.com/pkg/errors v0.9.1 h1:FEBLx1zS214owpjy7qsBeixbURkuhQAwrK5UwLGTwt4=
github.com/pkg/errors v0.9.1/go.mod h1:bwawxfHBFNV+L2hUp1rHADufV3IMtnDRdf1r5NINEl0=
